
Microsoft Visual Studio Solution File, Format Version 12.00
# Visual Studio Version 16
VisualStudioVersion = 16.0.31424.327
MinimumVisualStudioVersion = 10.0.40219.1
Project("{FAE04EC0-301F-11D3-BF4B-00C04F79EFBC}") = "Colecao_Musica", "Colecao_Musica.csproj", "{B14D4F6E-FE4D-4A78-9EA0-0FD247C87F36}"
EndProject
Global
	GlobalSection(SolutionConfigurationPlatforms) = preSolution
		Debug|Any CPU = Debug|Any CPU
		Release|Any CPU = Release|Any CPU
	EndGlobalSection
	GlobalSection(ProjectConfigurationPlatforms) = postSolution
		{B14D4F6E-FE4D-4A78-9EA0-0FD247C87F36}.Debug|Any CPU.ActiveCfg = Debug|Any CPU
		{B14D4F6E-FE4D-4A78-9EA0-0FD247C87F36}.Debug|Any CPU.Build.0 = Debug|Any CPU
		{B14D4F6E-FE4D-4A78-9EA0-0FD247C87F36}.Release|Any CPU.ActiveCfg = Release|Any CPU
		{B14D4F6E-FE4D-4A78-9EA0-0FD247C87F36}.Release|Any CPU.Build.0 = Release|Any CPU
	EndGlobalSection
	GlobalSection(SolutionProperties) = preSolution
		HideSolutionNode = FALSE
	EndGlobalSection
	GlobalSection(ExtensibilityGlobals) = postSolution
		SolutionGuid = {E25DD61A-D7A8-4374-AD48-A89F221BC571}
	EndGlobalSection
EndGlobal
